
Microsoft Visual Studio Solution File, Format Version 12.00
# Visual Studio 2012
Project("{FAE04EC0-301F-11D3-BF4B-00C04F79EFBC}") = "DungeonWorldCSHandler", "DungeonWorldCSHandler\DungeonWorldCSHandler.csproj", "{F50493F3-F79F-471C-9DC1-5A399070F4EB}"
EndProject
Global
	GlobalSection(SolutionConfigurationPlatforms) = preSolution
		Debug|Any CPU = Debug|Any CPU
		Release|Any CPU = Release|Any CPU
	EndGlobalSection
	GlobalSection(ProjectConfigurationPlatforms) = postSolution
		{F50493F3-F79F-471C-9DC1-5A399070F4EB}.Debug|Any CPU.ActiveCfg = Debug|Any CPU
		{F50493F3-F79F-471C-9DC1-5A399070F4EB}.Debug|Any CPU.Build.0 = Debug|Any CPU
		{F50493F3-F79F-471C-9DC1-5A399070F4EB}.Release|Any CPU.ActiveCfg = Release|Any CPU
		{F50493F3-F79F-471C-9DC1-5A399070F4EB}.Release|Any CPU.Build.0 = Release|Any CPU
	EndGlobalSection
	GlobalSection(SolutionProperties) = preSolution
		HideSolutionNode = FALSE
	EndGlobalSection
EndGlobal
